
Microsoft Visual Studio Solution File, Format Version 11.00
# Visual Studio 2010
# SharpDevelop 5.1
Project("{FAE04EC0-301F-11D3-BF4B-00C04F79EFBC}") = "RockPaperScissors", "RockPaperScissors\RockPaperScissors.csproj", "{0C5707BB-5232-49C6-BDB6-E8CD5D92D262}"
EndProject
Global
	GlobalSection(SolutionConfigurationPlatforms) = preSolution
		Debug|Any CPU = Debug|Any CPU
		Release|Any CPU = Release|Any CPU
	EndGlobalSection
	GlobalSection(ProjectConfigurationPlatforms) = postSolution
		{0C5707BB-5232-49C6-BDB6-E8CD5D92D262}.Debug|Any CPU.ActiveCfg = Debug|Any CPU
		{0C5707BB-5232-49C6-BDB6-E8CD5D92D262}.Debug|Any CPU.Build.0 = Debug|Any CPU
		{0C5707BB-5232-49C6-BDB6-E8CD5D92D262}.Release|Any CPU.ActiveCfg = Release|Any CPU
		{0C5707BB-5232-49C6-BDB6-E8CD5D92D262}.Release|Any CPU.Build.0 = Release|Any CPU
	EndGlobalSection
EndGlobal
